
Microsoft Visual Studio Solution File, Format Version 12.00
# Visual Studio Version 16
VisualStudioVersion = 16.0.31005.135
MinimumVisualStudioVersion = 10.0.40219.1
Project("{9A19103F-16F7-4668-BE54-9A1E7A4F7556}") = "Entities", "Entities\Entities.csproj", "{3F7265CC-597F-431F-81F0-24B723C893C6}"
EndProject
Project("{9A19103F-16F7-4668-BE54-9A1E7A4F7556}") = "DataAccess", "DataAccess\DataAccess.csproj", "{A7CF51D5-F25B-4562-82BE-2B078FEE0FFD}"
EndProject
Project("{9A19103F-16F7-4668-BE54-9A1E7A4F7556}") = "Business", "Business\Business.csproj", "{9D1877A6-E836-4FDF-A368-B1B4982AA431}"
EndProject
Project("{FAE04EC0-301F-11D3-BF4B-00C04F79EFBC}") = "Console", "ConsoleApp1\Console.csproj", "{0C0D9AB4-C45B-4EC3-96AF-E60A8A79623E}"
EndProject
Global
	GlobalSection(SolutionConfigurationPlatforms) = preSolution
		Debug|Any CPU = Debug|Any CPU
		Release|Any CPU = Release|Any CPU
	EndGlobalSection
	GlobalSection(ProjectConfigurationPlatforms) = postSolution
		{3F7265CC-597F-431F-81F0-24B723C893C6}.Debug|Any CPU.ActiveCfg = Debug|Any CPU
		{3F7265CC-597F-431F-81F0-24B723C893C6}.Debug|Any CPU.Build.0 = Debug|Any CPU
		{3F7265CC-597F-431F-81F0-24B723C893C6}.Release|Any CPU.ActiveCfg = Release|Any CPU
		{3F7265CC-597F-431F-81F0-24B723C893C6}.Release|Any CPU.Build.0 = Release|Any CPU
		{A7CF51D5-F25B-4562-82BE-2B078FEE0FFD}.Debug|Any CPU.ActiveCfg = Debug|Any CPU
		{A7CF51D5-F25B-4562-82BE-2B078FEE0FFD}.Debug|Any CPU.Build.0 = Debug|Any CPU
		{A7CF51D5-F25B-4562-82BE-2B078FEE0FFD}.Release|Any CPU.ActiveCfg = Release|Any CPU
		{A7CF51D5-F25B-4562-82BE-2B078FEE0FFD}.Release|Any CPU.Build.0 = Release|Any CPU
		{9D1877A6-E836-4FDF-A368-B1B4982AA431}.Debug|Any CPU.ActiveCfg = Debug|Any CPU
		{9D1877A6-E836-4FDF-A368-B1B4982AA431}.Debug|Any CPU.Build.0 = Debug|Any CPU
		{9D1877A6-E836-4FDF-A368-B1B4982AA431}.Release|Any CPU.ActiveCfg = Release|Any CPU
		{9D1877A6-E836-4FDF-A368-B1B4982AA431}.Release|Any CPU.Build.0 = Release|Any CPU
		{0C0D9AB4-C45B-4EC3-96AF-E60A8A79623E}.Debug|Any CPU.ActiveCfg = Debug|Any CPU
		{0C0D9AB4-C45B-4EC3-96AF-E60A8A79623E}.Debug|Any CPU.Build.0 = Debug|Any CPU
		{0C0D9AB4-C45B-4EC3-96AF-E60A8A79623E}.Release|Any CPU.ActiveCfg = Release|Any CPU
		{0C0D9AB4-C45B-4EC3-96AF-E60A8A79623E}.Release|Any CPU.Build.0 = Release|Any CPU
	EndGlobalSection
	GlobalSection(SolutionProperties) = preSolution
		HideSolutionNode = FALSE
	EndGlobalSection
	GlobalSection(ExtensibilityGlobals) = postSolution
		SolutionGuid = {B629F15D-C6A5-4D38-81F1-15E66D34A1A2}
	EndGlobalSection
EndGlobal
